# THIS IS AN AUTOGENERATED FILE. DO NOT EDIT THIS FILE DIRECTLY.
# yarn lockfile v1


"@actions/cache@^4.0.3":
  version "4.0.3"
  resolved "https://registry.npmjs.org/@actions/cache/-/cache-4.0.3.tgz"
  integrity sha512-SvrqFtYJ7I48A/uXNkoJrnukx5weQv1fGquhs3+4nkByZThBH109KTIqj5x/cGV7JGNvb8dLPVywUOqX1fjiXg==
  dependencies:
    "@actions/core" "^1.11.1"
    "@actions/exec" "^1.0.1"
    "@actions/glob" "^0.1.0"
    "@actions/http-client" "^2.1.1"
    "@actions/io" "^1.0.1"
    "@azure/abort-controller" "^1.1.0"
    "@azure/ms-rest-js" "^2.6.0"
    "@azure/storage-blob" "^12.13.0"
    "@protobuf-ts/plugin" "^2.9.4"
    semver "^6.3.1"

"@actions/core@^1.11.1":
  version "1.11.1"
  resolved "https://registry.npmjs.org/@actions/core/-/core-1.11.1.tgz"
  integrity sha512-hXJCSrkwfA46Vd9Z3q4cpEpHB1rL5NG04+/rbqW9d3+CSvtB1tYe8UTpAlixa1vj0m/ULglfEK2UKxMGxCxv5A==
  dependencies:
    "@actions/exec" "^1.1.1"
    "@actions/http-client" "^2.0.1"

"@actions/core@^1.2.6":
  version "1.10.1"
  resolved "https://registry.npmjs.org/@actions/core/-/core-1.10.1.tgz"
  integrity sha512-3lBR9EDAY+iYIpTnTIXmWcNbX3T2kCkAEQGIQx4NVQ0575nk2k3GRZDTPQG+vVtS2izSLmINlxXf0uLtnrTP+g==
  dependencies:
    "@actions/http-client" "^2.0.1"
    uuid "^8.3.2"

"@actions/exec@^1.0.1", "@actions/exec@^1.1.1":
  version "1.1.1"
  resolved "https://registry.npmjs.org/@actions/exec/-/exec-1.1.1.tgz"
  integrity sha512-+sCcHHbVdk93a0XT19ECtO/gIXoxvdsgQLzb2fE2/5sIZmWQuluYyjPQtrtTHdU1YzTZ7bAPN4sITq2xi1679w==
  dependencies:
    "@actions/io" "^1.0.1"

"@actions/glob@^0.1.0":
  version "0.1.2"
  resolved "https://registry.npmjs.org/@actions/glob/-/glob-0.1.2.tgz"
  integrity sha512-SclLR7Ia5sEqjkJTPs7Sd86maMDw43p769YxBOxvPvEWuPEhpAnBsQfENOpXjFYMmhCqd127bmf+YdvJqVqR4A==
  dependencies:
    "@actions/core" "^1.2.6"
    minimatch "^3.0.4"

"@actions/http-client@^2.0.1", "@actions/http-client@^2.1.1":
  version "2.2.0"
  resolved "https://registry.npmjs.org/@actions/http-client/-/http-client-2.2.0.tgz"
  integrity sha512-q+epW0trjVUUHboliPb4UF9g2msf+w61b32tAkFEwL/IwP0DQWgbCMM0Hbe3e3WXSKz5VcUXbzJQgy8Hkra/Lg==
  dependencies:
    tunnel "^0.0.6"
    undici "^5.25.4"

"@actions/io@^1.0.1":
  version "1.1.3"
  resolved "https://registry.npmjs.org/@actions/io/-/io-1.1.3.tgz"
  integrity sha512-wi9JjgKLYS7U/z8PPbco+PvTb/nRWjeoFlJ1Qer83k/3C5PHQi28hiVdeE2kHXmIL99mQFawx8qt/JPjZilJ8Q==

"@azure/abort-controller@^1.0.0", "@azure/abort-controller@^1.1.0":
  version "1.1.0"
  resolved "https://registry.npmjs.org/@azure/abort-controller/-/abort-controller-1.1.0.tgz"
  integrity sha512-TrRLIoSQVzfAJX9H1JeFjzAoDGcoK1IYX1UImfceTZpsyYfWr09Ss1aHW1y5TrrR3iq6RZLBwJ3E24uwPhwahw==
  dependencies:
    tslib "^2.2.0"

"@azure/abort-controller@^2.0.0":
  version "2.0.0"
  resolved "https://registry.npmjs.org/@azure/abort-controller/-/abort-controller-2.0.0.tgz"
  integrity sha512-RP/mR/WJchR+g+nQFJGOec+nzeN/VvjlwbinccoqfhTsTHbb8X5+mLDp48kHT0ueyum0BNSwGm0kX0UZuIqTGg==
  dependencies:
    tslib "^2.2.0"

"@azure/core-auth@^1.1.4", "@azure/core-auth@^1.3.0":
  version "1.6.0"
  resolved "https://registry.npmjs.org/@azure/core-auth/-/core-auth-1.6.0.tgz"
  integrity sha512-3X9wzaaGgRaBCwhLQZDtFp5uLIXCPrGbwJNWPPugvL4xbIGgScv77YzzxToKGLAKvG9amDoofMoP+9hsH1vs1w==
  dependencies:
    "@azure/abort-controller" "^2.0.0"
    "@azure/core-util" "^1.1.0"
    tslib "^2.2.0"

"@azure/core-http@^3.0.0":
  version "3.0.4"
  resolved "https://registry.npmjs.org/@azure/core-http/-/core-http-3.0.4.tgz"
  integrity sha512-Fok9VVhMdxAFOtqiiAtg74fL0UJkt0z3D+ouUUxcRLzZNBioPRAMJFVxiWoJljYpXsRi4GDQHzQHDc9AiYaIUQ==
  dependencies:
    "@azure/abort-controller" "^1.0.0"
    "@azure/core-auth" "^1.3.0"
    "@azure/core-tracing" "1.0.0-preview.13"
    "@azure/core-util" "^1.1.1"
    "@azure/logger" "^1.0.0"
    "@types/node-fetch" "^2.5.0"
    "@types/tunnel" "^0.0.3"
    form-data "^4.0.0"
    node-fetch "^2.6.7"
    process "^0.11.10"
    tslib "^2.2.0"
    tunnel "^0.0.6"
    uuid "^8.3.0"
    xml2js "^0.5.0"

"@azure/core-lro@^2.2.0":
  version "2.6.0"
  resolved "https://registry.npmjs.org/@azure/core-lro/-/core-lro-2.6.0.tgz"
  integrity sha512-PyRNcaIOfMgoUC01/24NoG+k8O81VrKxYARnDlo+Q2xji0/0/j2nIt8BwQh294pb1c5QnXTDPbNR4KzoDKXEoQ==
  dependencies:
    "@azure/abort-controller" "^2.0.0"
    "@azure/core-util" "^1.2.0"
    "@azure/logger" "^1.0.0"
    tslib "^2.2.0"

"@azure/core-paging@^1.1.1":
  version "1.5.0"
  resolved "https://registry.npmjs.org/@azure/core-paging/-/core-paging-1.5.0.tgz"
  integrity sha512-zqWdVIt+2Z+3wqxEOGzR5hXFZ8MGKK52x4vFLw8n58pR6ZfKRx3EXYTxTaYxYHc/PexPUTyimcTWFJbji9Z6Iw==
  dependencies:
    tslib "^2.2.0"

"@azure/core-tracing@1.0.0-preview.13":
  version "1.0.0-preview.13"
  resolved "https://registry.npmjs.org/@azure/core-tracing/-/core-tracing-1.0.0-preview.13.tgz"
  integrity sha512-KxDlhXyMlh2Jhj2ykX6vNEU0Vou4nHr025KoSEiz7cS3BNiHNaZcdECk/DmLkEB0as5T7b/TpRcehJ5yV6NeXQ==
  dependencies:
    "@opentelemetry/api" "^1.0.1"
    tslib "^2.2.0"

"@azure/core-util@^1.1.0", "@azure/core-util@^1.1.1", "@azure/core-util@^1.2.0":
  version "1.7.0"
  resolved "https://registry.npmjs.org/@azure/core-util/-/core-util-1.7.0.tgz"
  integrity sha512-Zq2i3QO6k9DA8vnm29mYM4G8IE9u1mhF1GUabVEqPNX8Lj833gdxQ2NAFxt2BZsfAL+e9cT8SyVN7dFVJ/Hf0g==
  dependencies:
    "@azure/abort-controller" "^2.0.0"
    tslib "^2.2.0"

"@azure/logger@^1.0.0":
  version "1.0.4"
  resolved "https://registry.npmjs.org/@azure/logger/-/logger-1.0.4.tgz"
  integrity sha512-ustrPY8MryhloQj7OWGe+HrYx+aoiOxzbXTtgblbV3xwCqpzUK36phH3XNHQKj3EPonyFUuDTfR3qFhTEAuZEg==
  dependencies:
    tslib "^2.2.0"

"@azure/ms-rest-js@^2.6.0":
  version "2.7.0"
  resolved "https://registry.npmjs.org/@azure/ms-rest-js/-/ms-rest-js-2.7.0.tgz"
  integrity sha512-ngbzWbqF+NmztDOpLBVDxYM+XLcUj7nKhxGbSU9WtIsXfRB//cf2ZbAG5HkOrhU9/wd/ORRB6lM/d69RKVjiyA==
  dependencies:
    "@azure/core-auth" "^1.1.4"
    abort-controller "^3.0.0"
    form-data "^2.5.0"
    node-fetch "^2.6.7"
    tslib "^1.10.0"
    tunnel "0.0.6"
    uuid "^8.3.2"
    xml2js "^0.5.0"

"@azure/storage-blob@^12.13.0":
  version "12.17.0"
  resolved "https://registry.npmjs.org/@azure/storage-blob/-/storage-blob-12.17.0.tgz"
  integrity sha512-sM4vpsCpcCApagRW5UIjQNlNylo02my2opgp0Emi8x888hZUvJ3dN69Oq20cEGXkMUWnoCrBaB0zyS3yeB87sQ==
  dependencies:
    "@azure/abort-controller" "^1.0.0"
    "@azure/core-http" "^3.0.0"
    "@azure/core-lro" "^2.2.0"
    "@azure/core-paging" "^1.1.1"
    "@azure/core-tracing" "1.0.0-preview.13"
    "@azure/logger" "^1.0.0"
    events "^3.0.0"
    tslib "^2.2.0"

"@bufbuild/protobuf@2.5.2", "@bufbuild/protobuf@^2.4.0":
  version "2.5.2"
  resolved "https://registry.npmjs.org/@bufbuild/protobuf/-/protobuf-2.5.2.tgz"
  integrity sha512-foZ7qr0IsUBjzWIq+SuBLfdQCpJ1j8cTuNNT4owngTHoN5KsJb8L9t65fzz7SCeSWzescoOil/0ldqiL041ABg==

"@bufbuild/protoplugin@^2.4.0":
  version "2.5.2"
  resolved "https://registry.npmjs.org/@bufbuild/protoplugin/-/protoplugin-2.5.2.tgz"
  integrity sha512-7d/NUae/ugs/qgHEYOwkVWGDE3Bf/xjuGviVFs38+MLRdwiHNTiuvzPVwuIPo/1wuZCZn3Nax1cg1owLuY72xw==
  dependencies:
    "@bufbuild/protobuf" "2.5.2"
    "@typescript/vfs" "^1.5.2"
    typescript "5.4.5"

"@cspotcode/source-map-support@^0.8.0":
  version "0.8.1"
  resolved "https://registry.npmjs.org/@cspotcode/source-map-support/-/source-map-support-0.8.1.tgz"
  integrity sha512-IchNf6dN4tHoMFIn/7OE8LWZ19Y6q/67Bmf6vnGREv8RSbBVb9LPJxEcnwrcwX6ixSvaiGoomAUvu4YSxXrVgw==
  dependencies:
    "@jridgewell/trace-mapping" "0.3.9"

"@fastify/busboy@^2.0.0":
  version "2.1.0"
  resolved "https://registry.npmjs.org/@fastify/busboy/-/busboy-2.1.0.tgz"
  integrity sha512-+KpH+QxZU7O4675t3mnkQKcZZg56u+K/Ct2K+N2AZYNVK8kyeo/bI18tI8aPm3tvNNRyTWfj6s5tnGNlcbQRsA==

"@jridgewell/resolve-uri@^3.0.3":
  version "3.1.0"
  resolved "https://registry.npmjs.org/@jridgewell/resolve-uri/-/resolve-uri-3.1.0.tgz"
  integrity sha512-F2msla3tad+Mfht5cJq7LSXcdudKTWCVYUgw6pLFOOHSTtZlj6SWNYAp+AhuqLmWdBO2X5hPrLcu8cVP8fy28w==

"@jridgewell/sourcemap-codec@^1.4.10":
  version "1.4.14"
  resolved "https://registry.npmjs.org/@jridgewell/sourcemap-codec/-/sourcemap-codec-1.4.14.tgz"
  integrity sha512-XPSJHWmi394fuUuzDnGz1wiKqWfo1yXecHQMRf2l6hztTO+nPru658AyDngaBe7isIxEkRsPR3FZh+s7iVa4Uw==

"@jridgewell/trace-mapping@0.3.9":
  version "0.3.9"
  resolved "https://registry.npmjs.org/@jridgewell/trace-mapping/-/trace-mapping-0.3.9.tgz"
  integrity sha512-3Belt6tdc8bPgAtbcmdtNJlirVoTmEb5e2gC94PnkwEW9jI6CAHUeoG85tjWP5WquqfavoMtMwiG4P926ZKKuQ==
  dependencies:
    "@jridgewell/resolve-uri" "^3.0.3"
    "@jridgewell/sourcemap-codec" "^1.4.10"

"@opentelemetry/api@^1.0.1":
  version "1.7.0"
  resolved "https://registry.npmjs.org/@opentelemetry/api/-/api-1.7.0.tgz"
  integrity sha512-AdY5wvN0P2vXBi3b29hxZgSFvdhdxPB9+f0B6s//P9Q8nibRWeA3cHm8UmLpio9ABigkVHJ5NMPk+Mz8VCCyrw==

"@protobuf-ts/plugin@^2.9.4":
  version "2.11.1"
  resolved "https://registry.npmjs.org/@protobuf-ts/plugin/-/plugin-2.11.1.tgz"
  integrity sha512-HyuprDcw0bEEJqkOWe1rnXUP0gwYLij8YhPuZyZk6cJbIgc/Q0IFgoHQxOXNIXAcXM4Sbehh6kjVnCzasElw1A==
  dependencies:
    "@bufbuild/protobuf" "^2.4.0"
    "@bufbuild/protoplugin" "^2.4.0"
    "@protobuf-ts/protoc" "^2.11.1"
    "@protobuf-ts/runtime" "^2.11.1"
    "@protobuf-ts/runtime-rpc" "^2.11.1"
    typescript "^3.9"

"@protobuf-ts/protoc@^2.11.1":
  version "2.11.1"
  resolved "https://registry.npmjs.org/@protobuf-ts/protoc/-/protoc-2.11.1.tgz"
  integrity sha512-mUZJaV0daGO6HUX90o/atzQ6A7bbN2RSuHtdwo8SSF2Qoe3zHwa4IHyCN1evftTeHfLmdz+45qo47sL+5P8nyg==

"@protobuf-ts/runtime-rpc@^2.11.1":
  version "2.11.1"
  resolved "https://registry.npmjs.org/@protobuf-ts/runtime-rpc/-/runtime-rpc-2.11.1.tgz"
  integrity sha512-4CqqUmNA+/uMz00+d3CYKgElXO9VrEbucjnBFEjqI4GuDrEQ32MaI3q+9qPBvIGOlL4PmHXrzM32vBPWRhQKWQ==
  dependencies:
    "@protobuf-ts/runtime" "^2.11.1"

"@protobuf-ts/runtime@^2.11.1":
  version "2.11.1"
  resolved "https://registry.npmjs.org/@protobuf-ts/runtime/-/runtime-2.11.1.tgz"
  integrity sha512-KuDaT1IfHkugM2pyz+FwiY80ejWrkH1pAtOBOZFuR6SXEFTsnb/jiQWQ1rCIrcKx2BtyxnxW6BWwsVSA/Ie+WQ==

"@tsconfig/node10@^1.0.7":
  version "1.0.9"
  resolved "https://registry.npmjs.org/@tsconfig/node10/-/node10-1.0.9.tgz"
  integrity sha512-jNsYVVxU8v5g43Erja32laIDHXeoNvFEpX33OK4d6hljo3jDhCBDhx5dhCCTMWUojscpAagGiRkBKxpdl9fxqA==

"@tsconfig/node12@^1.0.7":
  version "1.0.11"
  resolved "https://registry.npmjs.org/@tsconfig/node12/-/node12-1.0.11.tgz"
  integrity sha512-cqefuRsh12pWyGsIoBKJA9luFu3mRxCA+ORZvA4ktLSzIuCUtWVxGIuXigEwO5/ywWFMZ2QEGKWvkZG1zDMTag==

"@tsconfig/node14@^1.0.0":
  version "1.0.3"
  resolved "https://registry.npmjs.org/@tsconfig/node14/-/node14-1.0.3.tgz"
  integrity sha512-ysT8mhdixWK6Hw3i1V2AeRqZ5WfXg1G43mqoYlM2nc6388Fq5jcXyr5mRsqViLx/GJYdoL0bfXD8nmF+Zn/Iow==

"@tsconfig/node16@^1.0.2":
  version "1.0.3"
  resolved "https://registry.npmjs.org/@tsconfig/node16/-/node16-1.0.3.tgz"
  integrity sha512-yOlFc+7UtL/89t2ZhjPvvB/DeAr3r+Dq58IgzsFkOAvVC6NMJXmCGjbptdXdR9qsX7pKcTL+s87FtYREi2dEEQ==

"@types/node-fetch@^2.5.0":
  version "2.6.11"
  resolved "https://registry.npmjs.org/@types/node-fetch/-/node-fetch-2.6.11.tgz"
  integrity sha512-24xFj9R5+rfQJLRyM56qh+wnVSYhyXC2tkoBndtY0U+vubqNsYXGjufB2nn8Q6gt0LrARwL6UBtMCSVCwl4B1g==
  dependencies:
    "@types/node" "*"
    form-data "^4.0.0"

"@types/node@*", "@types/node@20.11.20":
  version "20.11.20"
  resolved "https://registry.npmjs.org/@types/node/-/node-20.11.20.tgz"
  integrity sha512-7/rR21OS+fq8IyHTgtLkDK949uzsa6n8BkziAKtPVpugIkO6D+/ooXMvzXxDnZrmtXVfjb1bKQafYpb8s89LOg==
  dependencies:
    undici-types "~5.26.4"

"@types/recursive-readdir@^2.2.4":
  version "2.2.4"
  resolved "https://registry.npmjs.org/@types/recursive-readdir/-/recursive-readdir-2.2.4.tgz"
  integrity sha512-84REEGT3lcgopvpkmGApzmU5UEG0valme5rQS/KGiguTkJ70/Au8UYZTyrzoZnY9svuX9351+1uvrRPzWDD/uw==
  dependencies:
    "@types/node" "*"

"@types/string-format@^2.0.3":
  version "2.0.3"
  resolved "https://registry.npmjs.org/@types/string-format/-/string-format-2.0.3.tgz"
  integrity sha512-2BuDXYaQvSZR5XHlLJQ3KQ455NW+C1Mok0uOO6q8bnp97V/gtZbDEYy44kmu5Ng1U8wRtCSF/leREYVmH2vYmQ==

"@types/tunnel@^0.0.3":
  version "0.0.3"
  resolved "https://registry.npmjs.org/@types/tunnel/-/tunnel-0.0.3.tgz"
  integrity sha512-sOUTGn6h1SfQ+gbgqC364jLFBw2lnFqkgF3q0WovEHRLMrVD1sd5aufqi/aJObLekJO+Aq5z646U4Oxy6shXMA==
  dependencies:
    "@types/node" "*"

"@typescript/vfs@^1.5.2":
  version "1.6.1"
  resolved "https://registry.npmjs.org/@typescript/vfs/-/vfs-1.6.1.tgz"
  integrity sha512-JwoxboBh7Oz1v38tPbkrZ62ZXNHAk9bJ7c9x0eI5zBfBnBYGhURdbnh7Z4smN/MV48Y5OCcZb58n972UtbazsA==
  dependencies:
    debug "^4.1.1"

"@vercel/ncc@^0.38.3":
  version "0.38.3"
  resolved "https://registry.npmjs.org/@vercel/ncc/-/ncc-0.38.3.tgz"
  integrity sha512-rnK6hJBS6mwc+Bkab+PGPs9OiS0i/3kdTO+CkI8V0/VrW3vmz7O2Pxjw/owOlmo6PKEIxRSeZKv/kuL9itnpYA==

abort-controller@^3.0.0:
  version "3.0.0"
  resolved "https://registry.npmjs.org/abort-controller/-/abort-controller-3.0.0.tgz"
  integrity sha512-h8lQ8tacZYnR3vNQTgibj+tODHI5/+l06Au2Pcriv/Gmet0eaj4TwWH41sO9wnHDiQsEj19q0drzdWdeAHtweg==
  dependencies:
    event-target-shim "^5.0.0"

acorn-walk@^8.1.1:
  version "8.2.0"
  resolved "https://registry.npmjs.org/acorn-walk/-/acorn-walk-8.2.0.tgz"
  integrity sha512-k+iyHEuPgSw6SbuDpGQM+06HQUa04DZ3o+F6CSzXMvvI5KMvnaEqXe+YVe555R9nn6GPt404fos4wcgpw12SDA==

acorn@^8.4.1:
  version "8.8.1"
  resolved "https://registry.npmjs.org/acorn/-/acorn-8.8.1.tgz"
  integrity sha512-7zFpHzhnqYKrkYdUjF1HI1bzd0VygEGX8lFk4k5zVMqHEoES+P+7TKI+EvLO9WVMJ8eekdO0aDEK044xTXwPPA==

actions-exec-listener@0.1.0:
  version "0.1.0"
  resolved "https://registry.npmjs.org/actions-exec-listener/-/actions-exec-listener-0.1.0.tgz"
  integrity sha512-cwhiQynvYpWAvv/pa/9f9jInHkPsfyW2yqTTELgFHnG5C9U6ltj8x3xAG4hnVBsNr3r6UK4PNYI9DQLGcW2aXw==

arg@^4.1.0:
  version "4.1.3"
  resolved "https://registry.npmjs.org/arg/-/arg-4.1.3.tgz"
  integrity sha512-58S9QDqG0Xx27YwPSt9fJxivjYl432YCwfDMfZ+71RAqUrZef7LrKQZ3LHLOwCS4FLNBplP533Zx895SeOCHvA==

asynckit@^0.4.0:
  version "0.4.0"
  resolved "https://registry.npmjs.org/asynckit/-/asynckit-0.4.0.tgz"
  integrity sha512-Oei9OH4tRh0YqU3GxhX79dM/mwVgvbZJaSNaRk+bshkj0S5cfHcgYakreBjrHwatXKbz+IoIdYLxrKim2MjW0Q==

balanced-match@^1.0.0:
  version "1.0.2"
  resolved "https://registry.npmjs.org/balanced-match/-/balanced-match-1.0.2.tgz"
  integrity sha512-3oSeUO0TMV67hN1AmbXsK4yaqU7tjiHlbxRDZOpH0KW9+CeX4bRAaX0Anxt0tx2MrpRpWwQaPwIlISEJhYU5Pw==

brace-expansion@^1.1.7:
  version "1.1.11"
  resolved "https://registry.npmjs.org/brace-expansion/-/brace-expansion-1.1.11.tgz"
  integrity sha512-iCuPHDFgrHX7H2vEI/5xpz07zSHB00TpugqhmYtVmMO6518mCuRMoOYFldEBl0g187ufozdaHgWKcYFb61qGiA==
  dependencies:
    balanced-match "^1.0.0"
    concat-map "0.0.1"

combined-stream@^1.0.6, combined-stream@^1.0.8:
  version "1.0.8"
  resolved "https://registry.npmjs.org/combined-stream/-/combined-stream-1.0.8.tgz"
  integrity sha512-FQN4MRfuJeHf7cBbBMJFXhKSDq+2kAArBlmRBvcvFE5BB1HZKXtSFASDhdlz9zOYwxh8lDdnvmMOe/+5cdoEdg==
  dependencies:
    delayed-stream "~1.0.0"

concat-map@0.0.1:
  version "0.0.1"
  resolved "https://registry.npmjs.org/concat-map/-/concat-map-0.0.1.tgz"
  integrity sha512-/Srv4dswyQNBfohGpz9o6Yb3Gz3SrUDqBH5rTuhGR7ahtlbYKnVxw2bCFMRljaA7EXHaXZ8wsHdodFvbkhKmqg==

create-require@^1.1.0:
  version "1.1.1"
  resolved "https://registry.npmjs.org/create-require/-/create-require-1.1.1.tgz"
  integrity sha512-dcKFX3jn0MpIaXjisoRvexIJVEKzaq7z2rZKxf+MSr9TkdmHmsU4m2lcLojrj/FHl8mk5VxMmYA+ftRkP/3oKQ==

crypto@^1.0.1:
  version "1.0.1"
  resolved "https://registry.npmjs.org/crypto/-/crypto-1.0.1.tgz"
  integrity sha512-VxBKmeNcqQdiUQUW2Tzq0t377b54N2bMtXO/qiLa+6eRRmmC4qT3D4OnTGoT/U6O9aklQ/jTwbOtRMTTY8G0Ig==

debug@^4.1.1:
  version "4.4.1"
  resolved "https://registry.npmjs.org/debug/-/debug-4.4.1.tgz"
  integrity sha512-KcKCqiftBJcZr++7ykoDIEwSa3XWowTfNPo92BYxjXiyYEVrUQh2aLyhxBCwww+heortUFxEJYcRzosstTEBYQ==
  dependencies:
    ms "^2.1.3"

delayed-stream@~1.0.0:
  version "1.0.0"
  resolved "https://registry.npmjs.org/delayed-stream/-/delayed-stream-1.0.0.tgz"
  integrity sha512-ZySD7Nf91aLB0RxL4KGrKHBXl7Eds1DAmEdcoVawXnLD7SDhpNgtuII2aAkg7a7QS41jxPSZ17p4VdGnMHk3MQ==

diff@^4.0.1:
  version "4.0.2"
  resolved "https://registry.npmjs.org/diff/-/diff-4.0.2.tgz"
  integrity sha512-58lmxKSA4BNyLz+HHMUzlOEpg09FV+ev6ZMe3vJihgdxzgcwZ8VoEEPmALCZG9LmqfVoNMMKpttIYTVG6uDY7A==

editions@^6.21.0:
  version "6.21.0"
  resolved "https://registry.npmjs.org/editions/-/editions-6.21.0.tgz"
  integrity sha512-ofkXJtn7z0urokN62DI3SBo/5xAtF0rR7tn+S/bSYV79Ka8pTajIIl+fFQ1q88DQEImymmo97M4azY3WX/nUdg==
  dependencies:
    version-range "^4.13.0"

event-target-shim@^5.0.0:
  version "5.0.1"
  resolved "https://registry.npmjs.org/event-target-shim/-/event-target-shim-5.0.1.tgz"
  integrity sha512-i/2XbnSz/uxRCU6+NdVJgKWDTM427+MqYbkQzD321DuCQJUqOuJKIA0IM2+W2xtYHdKOmZ4dR6fExsd4SXL+WQ==

events@^3.0.0:
  version "3.3.0"
  resolved "https://registry.npmjs.org/events/-/events-3.3.0.tgz"
  integrity sha512-mQw+2fkQbALzQ7V0MY0IqdnXNOeTtP4r0lN9z7AAawCXgqea7bDii20AYrIBrFd/Hx0M2Ocz6S111CaFkUcb0Q==

form-data@^2.5.0:
  version "2.5.1"
  resolved "https://registry.npmjs.org/form-data/-/form-data-2.5.1.tgz"
  integrity sha512-m21N3WOmEEURgk6B9GLOE4RuWOFf28Lhh9qGYeNlGq4VDXUlJy2th2slBNU8Gp8EzloYZOibZJ7t5ecIrFSjVA==
  dependencies:
    asynckit "^0.4.0"
    combined-stream "^1.0.6"
    mime-types "^2.1.12"

form-data@^4.0.0:
  version "4.0.0"
  resolved "https://registry.npmjs.org/form-data/-/form-data-4.0.0.tgz"
  integrity sha512-ETEklSGi5t0QMZuiXoA/Q6vcnxcLQP5vdugSpuAyi6SVGi2clPPp+xgEhuMaHC+zGgn31Kd235W35f7Hykkaww==
  dependencies:
    asynckit "^0.4.0"
    combined-stream "^1.0.8"
    mime-types "^2.1.12"

function-bind@^1.1.1:
  version "1.1.1"
  resolved "https://registry.npmjs.org/function-bind/-/function-bind-1.1.1.tgz"
  integrity sha512-yIovAzMX49sF8Yl58fSCWJ5svSLuaibPxXQJFLmBObTuCr0Mf1KiPopGM9NiFjiYBCbfaa2Fh6breQ6ANVTI0A==

has@^1.0.3:
  version "1.0.3"
  resolved "https://registry.npmjs.org/has/-/has-1.0.3.tgz"
  integrity sha512-f2dvO0VU6Oej7RkWJGrehjbzMAjFp5/VKPp5tTpWIV4JHHZK1/BxbFRtf/siA2SWTe09caDmVtYYzWEIbBS4zw==
  dependencies:
    function-bind "^1.1.1"

is-core-module@^2.9.0:
  version "2.11.0"
  resolved "https://registry.npmjs.org/is-core-module/-/is-core-module-2.11.0.tgz"
  integrity sha512-RRjxlvLDkD1YJwDbroBHMb+cukurkDWNyHx7D3oNB5x9rb5ogcksMC5wHCadcXoo67gVr/+3GFySh3134zi6rw==
  dependencies:
    has "^1.0.3"

make-error@^1.1.1:
  version "1.3.6"
  resolved "https://registry.npmjs.org/make-error/-/make-error-1.3.6.tgz"
  integrity sha512-s8UhlNe7vPKomQhC1qFelMokr/Sc3AgNbso3n74mVPA5LTZwkB9NlXf4XPamLxJE8h0gh73rM94xvwRT2CVInw==

mime-db@1.52.0:
  version "1.52.0"
  resolved "https://registry.npmjs.org/mime-db/-/mime-db-1.52.0.tgz"
  integrity sha512-sPU4uV7dYlvtWJxwwxHD0PuihVNiE7TyAbQ5SWxDCB9mUYvOgroQOwYQQOKPJ8CIbE+1ETVlOoK1UC2nU3gYvg==

mime-types@^2.1.12:
  version "2.1.35"
  resolved "https://registry.npmjs.org/mime-types/-/mime-types-2.1.35.tgz"
  integrity sha512-ZDY+bPm5zTTF+YpCrAU9nK0UgICYPT0QtT1NZWFv4s++TNkcgVaT0g6+4R2uI4MjQjzysHB1zxuWL50hzaeXiw==
  dependencies:
    mime-db "1.52.0"

minimatch@^3.0.4, minimatch@^3.0.5:
  version "3.1.2"
  resolved "https://registry.npmjs.org/minimatch/-/minimatch-3.1.2.tgz"
  integrity sha512-J7p63hRiAjw1NDEww1W7i37+ByIrOWO5XQQAzZ3VOcL0PNybwpfmV/N05zFAzwQ9USyEcX6t3UO+K5aqBQOIHw==
  dependencies:
    brace-expansion "^1.1.7"

ms@^2.1.3:
  version "2.1.3"
  resolved "https://registry.npmjs.org/ms/-/ms-2.1.3.tgz"
  integrity sha512-6FlzubTLZG3J2a/NVCAleEhjzq5oxgHyaCU9yYXvcLsvoVaHJq/s5xXI6/XXP6tz7R9xAOtHnSO/tXtF3WRTlA==

native-promise-pool@^3.28.0:
  version "3.28.0"
  resolved "https://registry.npmjs.org/native-promise-pool/-/native-promise-pool-3.28.0.tgz"
  integrity sha512-ixwkLwaF+idXLS/UJlVbmgl4obzQxYKNRU7yiwcIoi3PedVC+MvG476k3Ak0RgPoxCN9RcP/+o/5anJBOneiQw==
  dependencies:
    editions "^6.21.0"

nested-error-stacks@^2:
  version "2.1.1"
  resolved "https://registry.npmjs.org/nested-error-stacks/-/nested-error-stacks-2.1.1.tgz"
  integrity sha512-9iN1ka/9zmX1ZvLV9ewJYEk9h7RyRRtqdK0woXcqohu8EWIerfPUjYJPg0ULy0UqP7cslmdGc8xKDJcojlKiaw==

node-fetch@^2.6.7:
  version "2.7.0"
  resolved "https://registry.npmjs.org/node-fetch/-/node-fetch-2.7.0.tgz"
  integrity sha512-c4FRfUm/dbcWZ7U+1Wq0AwCyFL+3nt2bEw05wfxSz+DWpWsitgmSgYmy2dQdWyKC1694ELPqMs/YzUSNozLt8A==
  dependencies:
    whatwg-url "^5.0.0"

path-parse@^1.0.7:
  version "1.0.7"
  resolved "https://registry.npmjs.org/path-parse/-/path-parse-1.0.7.tgz"
  integrity sha512-LDJzPVEEEPR+y48z93A0Ed0yXb8pAByGWo/k5YYdYgpY2/2EsOsksJrq7lOHxryrVOn1ejG6oAp8ahvOIQD8sw==

process@^0.11.10:
  version "0.11.10"
  resolved "https://registry.npmjs.org/process/-/process-0.11.10.tgz"
  integrity sha512-cdGef/drWFoydD1JsMzuFf8100nZl+GT+yacc2bEced5f9Rjk4z+WtFUTBu9PhOi9j/jfmBPu0mMEY4wIdAF8A==

recursive-readdir@^2.2.3:
  version "2.2.3"
  resolved "https://registry.npmjs.org/recursive-readdir/-/recursive-readdir-2.2.3.tgz"
  integrity sha512-8HrF5ZsXk5FAH9dgsx3BlUer73nIhuj+9OrQwEbLTPOBzGkL1lsFCR01am+v+0m2Cmbs1nP12hLDl5FA7EszKA==
  dependencies:
    minimatch "^3.0.5"

reflect-metadata@>=0.1.12:
  version "0.1.13"
  resolved "https://registry.npmjs.org/reflect-metadata/-/reflect-metadata-0.1.13.tgz"
  integrity sha512-Ts1Y/anZELhSsjMcU605fU9RE4Oi3p5ORujwbIKXfWa+0Zxs510Qrmrce5/Jowq3cHSZSJqBjypxmHarc+vEWg==

resolve@>=1.9.0:
  version "1.22.1"
  resolved "https://registry.npmjs.org/resolve/-/resolve-1.22.1.tgz"
  integrity sha512-nBpuuYuY5jFsli/JIs1oldw6fOQCBioohqWZg/2hiaOybXOft4lonv85uDOKXdf8rhyK159cxU5cDcK/NKk8zw==
  dependencies:
    is-core-module "^2.9.0"
    path-parse "^1.0.7"
    supports-preserve-symlinks-flag "^1.0.0"

sax@>=0.6.0:
  version "1.3.0"
  resolved "https://registry.npmjs.org/sax/-/sax-1.3.0.tgz"
  integrity sha512-0s+oAmw9zLl1V1cS9BtZN7JAd0cW5e0QH4W3LWEK6a4LaLEA2OTpGYWDY+6XasBLtz6wkm3u1xRw95mRuJ59WA==

semver@^6.3.1:
  version "6.3.1"
  resolved "https://registry.npmjs.org/semver/-/semver-6.3.1.tgz"
  integrity sha512-BR7VvDCVHO+q2xBEWskxS6DJE1qRnb7DxzUrogb71CWoSficBxYsiAGd+Kl0mmq/MprG9yArRkyrQxTO6XjMzA==

string-format@^2.0.0:
  version "2.0.0"
  resolved "https://registry.npmjs.org/string-format/-/string-format-2.0.0.tgz"
  integrity sha512-bbEs3scLeYNXLecRRuk6uJxdXUSj6le/8rNPHChIJTn2V79aXVTR1EH2OH5zLKKoz0V02fOUKZZcw01pLUShZA==

supports-preserve-symlinks-flag@^1.0.0:
  version "1.0.0"
  resolved "https://registry.npmjs.org/supports-preserve-symlinks-flag/-/supports-preserve-symlinks-flag-1.0.0.tgz"
  integrity sha512-ot0WnXS9fgdkgIcePe6RHNk1WA8+muPa6cSjeR3V8K27q9BB1rTE3R1p7Hv0z1ZyAc8s6Vvv8DIyWf681MAt0w==

tr46@~0.0.3:
  version "0.0.3"
  resolved "https://registry.npmjs.org/tr46/-/tr46-0.0.3.tgz"
  integrity sha512-N3WMsuqV66lT30CrXNbEjx4GEwlow3v6rr4mCcv6prnfwhS01rkgyFdjPNBYd9br7LpXV1+Emh01fHnq2Gdgrw==

ts-node@10.9.2:
  version "10.9.2"
  resolved "https://registry.npmjs.org/ts-node/-/ts-node-10.9.2.tgz"
  integrity sha512-f0FFpIdcHgn8zcPSbf1dRevwt047YMnaiJM3u2w2RewrB+fob/zePZcrOyQoLMMO7aBIddLcQIEK5dYjkLnGrQ==
  dependencies:
    "@cspotcode/source-map-support" "^0.8.0"
    "@tsconfig/node10" "^1.0.7"
    "@tsconfig/node12" "^1.0.7"
    "@tsconfig/node14" "^1.0.0"
    "@tsconfig/node16" "^1.0.2"
    acorn "^8.4.1"
    acorn-walk "^8.1.1"
    arg "^4.1.0"
    create-require "^1.1.0"
    diff "^4.0.1"
    make-error "^1.1.1"
    v8-compile-cache-lib "^3.0.1"
    yn "3.1.1"

tslib@^1.10.0, tslib@^1.8.1:
  version "1.14.1"
  resolved "https://registry.npmjs.org/tslib/-/tslib-1.14.1.tgz"
  integrity sha512-Xni35NKzjgMrwevysHTCArtLDpPvye8zV/0E4EyYn43P7/7qvQwPh9BGkHewbMulVntbigmcT7rdX3BNo9wRJg==

tslib@^2.2.0:
  version "2.6.2"
  resolved "https://registry.npmjs.org/tslib/-/tslib-2.6.2.tgz"
  integrity sha512-AEYxH93jGFPn/a2iVAwW87VuUIkR1FVUKB77NwMF7nBTDkDrrT/Hpt/IrCJ0QXhW27jTBDcf5ZY7w6RiqTMw2Q==

tsutils@^3.17.1:
  version "3.21.0"
  resolved "https://registry.npmjs.org/tsutils/-/tsutils-3.21.0.tgz"
  integrity sha512-mHKK3iUXL+3UF6xL5k0PEhKRUBKPBCv/+RkEOpjRWxxx27KKRBmmA60A9pgOUvMi8GKhRMPEmjBRPzs2W7O1OA==
  dependencies:
    tslib "^1.8.1"

ttypescript@^1.5.15:
  version "1.5.15"
  resolved "https://registry.npmjs.org/ttypescript/-/ttypescript-1.5.15.tgz"
  integrity sha512-48ykDNHzFnPMnv4hYX1P8Q84TvCZyL1QlFxeuxsuZ48X2+ameBgPenvmCkHJtoOSxpoWTWi8NcgNrRnVDOmfSg==
  dependencies:
    resolve ">=1.9.0"

tunnel@0.0.6, tunnel@^0.0.6:
  version "0.0.6"
  resolved "https://registry.npmjs.org/tunnel/-/tunnel-0.0.6.tgz"
  integrity sha512-1h/Lnq9yajKY2PEbBadPXj3VxsDDu844OnaAo52UVmIzIvwwtBPIuNvkjuzBlTWpfJyUbG3ez0KSBibQkj4ojg==

typescript-is@^0.19.0:
  version "0.19.0"
  resolved "https://registry.yarnpkg.com/typescript-is/-/typescript-is-0.19.0.tgz#5e42ad64f899d5eb169bc2fa692331638d02fa25"
  integrity sha512-SAJEx2cxbQZhfOjDEjPnQJt1qRS1M3wrKbUwvsywVHWGbMgM1dcIf9gPWNDS1/dgTa/7Iexk2mmAHHsP9MeCsA==
  dependencies:
    nested-error-stacks "^2"
    tsutils "^3.17.1"
  optionalDependencies:
    reflect-metadata ">=0.1.12"

typescript@5.4.5:
  version "5.4.5"
  resolved "https://registry.npmjs.org/typescript/-/typescript-5.4.5.tgz"
  integrity sha512-vcI4UpRgg81oIRUFwR0WSIHKt11nJ7SAVlYNIu+QpqeyXP+gpQJy/Z4+F0aGxSE4MqwjyXvW/TzgkLAx2AGHwQ==

typescript@^3.9:
  version "3.9.10"
  resolved "https://registry.npmjs.org/typescript/-/typescript-3.9.10.tgz"
  integrity sha512-w6fIxVE/H1PkLKcCPsFqKE7Kv7QUwhU8qQY2MueZXWx5cPZdwFupLgKK3vntcK98BtNHZtAF4LA/yl2a7k8R6Q==

typescript@^5.8.3:
  version "5.8.3"
  resolved "https://registry.npmjs.org/typescript/-/typescript-5.8.3.tgz"
  integrity sha512-p1diW6TqL9L07nNxvRMM7hMMw4c5XOo/1ibL4aAIGmSAt9slTE1Xgw5KWuof2uTOvCg9BY7ZRi+GaF+7sfgPeQ==

undici-types@~5.26.4:
  version "5.26.5"
  resolved "https://registry.npmjs.org/undici-types/-/undici-types-5.26.5.tgz"
  integrity sha512-JlCMO+ehdEIKqlFxk6IfVoAUVmgz7cU7zD/h9XZ0qzeosSHmUJVOzSQvvYSYWXkFXC+IfLKSIffhv0sVZup6pA==

undici@^5.25.4:
  version "5.28.3"
  resolved "https://registry.npmjs.org/undici/-/undici-5.28.3.tgz"
  integrity sha512-3ItfzbrhDlINjaP0duwnNsKpDQk3acHI3gVJ1z4fmwMK31k5G9OVIAMLSIaP6w4FaGkaAkN6zaQO9LUvZ1t7VA==
  dependencies:
    "@fastify/busboy" "^2.0.0"

uuid@^8.3.0, uuid@^8.3.2:
  version "8.3.2"
  resolved "https://registry.npmjs.org/uuid/-/uuid-8.3.2.tgz"
  integrity sha512-+NYs2QeMWy+GWFOEm9xnn6HCDp0l7QBD7ml8zLUmJ+93Q5NF0NocErnwkTkXVFNiX3/fpC6afS8Dhb/gz7R7eg==

v8-compile-cache-lib@^3.0.1:
  version "3.0.1"
  resolved "https://registry.npmjs.org/v8-compile-cache-lib/-/v8-compile-cache-lib-3.0.1.tgz"
  integrity sha512-wa7YjyUGfNZngI/vtK0UHAN+lgDCxBPCylVXGp0zu59Fz5aiGtNXaq3DhIov063MorB+VfufLh3JlF2KdTK3xg==

version-range@^4.13.0:
  version "4.14.0"
  resolved "https://registry.npmjs.org/version-range/-/version-range-4.14.0.tgz"
  integrity sha512-gjb0ARm9qlcBAonU4zPwkl9ecKkas+tC2CGwFfptTCWWIVTWY1YUbT2zZKsOAF1jR/tNxxyLwwG0cb42XlYcTg==

webidl-conversions@^3.0.0:
  version "3.0.1"
  resolved "https://registry.npmjs.org/webidl-conversions/-/webidl-conversions-3.0.1.tgz"
  integrity sha512-2JAn3z8AR6rjK8Sm8orRC0h/bcl/DqL7tRPdGZ4I1CjdF+EaMLmYxBHyXuKL849eucPFhvBoxMsflfOb8kxaeQ==

whatwg-url@^5.0.0:
  version "5.0.0"
  resolved "https://registry.npmjs.org/whatwg-url/-/whatwg-url-5.0.0.tgz"
  integrity sha512-saE57nupxk6v3HY35+jzBwYa0rKSy0XR8JSxZPwgLr7ys0IBzhGviA1/TUGJLmSVqs8pb9AnvICXEuOHLprYTw==
  dependencies:
    tr46 "~0.0.3"
    webidl-conversions "^3.0.0"

xml2js@^0.5.0:
  version "0.5.0"
  resolved "https://registry.npmjs.org/xml2js/-/xml2js-0.5.0.tgz"
  integrity sha512-drPFnkQJik/O+uPKpqSgr22mpuFHqKdbS835iAQrUC73L2F5WkboIRd63ai/2Yg6I1jzifPFKH2NTK+cfglkIA==
  dependencies:
    sax ">=0.6.0"
    xmlbuilder "~11.0.0"

xmlbuilder@~11.0.0:
  version "11.0.1"
  resolved "https://registry.npmjs.org/xmlbuilder/-/xmlbuilder-11.0.1.tgz"
  integrity sha512-fDlsI/kFEx7gLvbecc0/ohLG50fugQp8ryHzMTuW9vSa1GJ0XYWKnhsUx7oie3G98+r56aTQIUB4kht42R3JvA==

yn@3.1.1:
  version "3.1.1"
  resolved "https://registry.npmjs.org/yn/-/yn-3.1.1.tgz"
  integrity sha512-Ux4ygGWsu2c7isFWe8Yu1YluJmqVhxqK2cLXNQA5AcC3QfbGNpM7fu0Y8b/z16pXLnFxZYvWhd3fhBY9DLmC6Q==
